
Microsoft Visual Studio Solution File, Format Version 12.00
Project("{FAE04EC0-301F-11D3-BF4B-00C04F79EFBC}") = "TestRewrite", "TestRewrite\TestRewrite.csproj", "{647E6CFE-B877-42C9-8F68-F277B1EF90F1}"
EndProject
Project("{FAE04EC0-301F-11D3-BF4B-00C04F79EFBC}") = "TestRewrite.Tests", "TestRewrite.Tests\TestRewrite.Tests.csproj", "{6DAE6956-1727-410A-B668-938C1F1C8E29}"
EndProject
Global
	GlobalSection(SolutionConfigurationPlatforms) = preSolution
		Debug|Any CPU = Debug|Any CPU
		Release|Any CPU = Release|Any CPU
	EndGlobalSection
	GlobalSection(ProjectConfigurationPlatforms) = postSolution
		{647E6CFE-B877-42C9-8F68-F277B1EF90F1}.Debug|Any CPU.ActiveCfg = Debug|Any CPU
		{647E6CFE-B877-42C9-8F68-F277B1EF90F1}.Debug|Any CPU.Build.0 = Debug|Any CPU
		{647E6CFE-B877-42C9-8F68-F277B1EF90F1}.Release|Any CPU.ActiveCfg = Release|Any CPU
		{647E6CFE-B877-42C9-8F68-F277B1EF90F1}.Release|Any CPU.Build.0 = Release|Any CPU
		{6DAE6956-1727-410A-B668-938C1F1C8E29}.Debug|Any CPU.ActiveCfg = Debug|Any CPU
		{6DAE6956-1727-410A-B668-938C1F1C8E29}.Debug|Any CPU.Build.0 = Debug|Any CPU
		{6DAE6956-1727-410A-B668-938C1F1C8E29}.Release|Any CPU.ActiveCfg = Release|Any CPU
		{6DAE6956-1727-410A-B668-938C1F1C8E29}.Release|Any CPU.Build.0 = Release|Any CPU
	EndGlobalSection
EndGlobal
